// !$*UTF8*$!
{
	archiveVersion = 1;
	classes = {
	};
	objectVersion = 52;
	objects = {

/* Begin PBXBuildFile section */
		88FF857D2564C99B00E93397 /* RingView.swift in Sources */ = {isa = PBXBuildFile; fileRef = 88FF857C2564C99B00E93397 /* RingView.swift */; };
		DD149577254FE5B000740114 /* Home.swift in Sources */ = {isa = PBXBuildFile; fileRef = DD149576254FE5B000740114 /* Home.swift */; };
		DD15BE3A2566294B0006F0A0 /* Modifiers.swift in Sources */ = {isa = PBXBuildFile; fileRef = DD15BE392566294B0006F0A0 /* Modifiers.swift */; };
		DD15BE54256655FA0006F0A0 /* WorkSans-VariableFont_wght.ttf in Resources */ = {isa = PBXBuildFile; fileRef = DD15BE3D256655FA0006F0A0 /* WorkSans-VariableFont_wght.ttf */; };
		DD15BE55256655FA0006F0A0 /* WorkSans-Regular.ttf in Resources */ = {isa = PBXBuildFile; fileRef = DD15BE3F256655FA0006F0A0 /* WorkSans-Regular.ttf */; };
		DD15BE56256655FA0006F0A0 /* WorkSans-Light.ttf in Resources */ = {isa = PBXBuildFile; fileRef = DD15BE40256655FA0006F0A0 /* WorkSans-Light.ttf */; };
		DD15BE57256655FA0006F0A0 /* WorkSans-ExtraBold.ttf in Resources */ = {isa = PBXBuildFile; fileRef = DD15BE41256655FA0006F0A0 /* WorkSans-ExtraBold.ttf */; };
		DD15BE58256655FA0006F0A0 /* WorkSans-SemiBoldItalic.ttf in Resources */ = {isa = PBXBuildFile; fileRef = DD15BE42256655FA0006F0A0 /* WorkSans-SemiBoldItalic.ttf */; };
		DD15BE59256655FA0006F0A0 /* WorkSans-MediumItalic.ttf in Resources */ = {isa = PBXBuildFile; fileRef = DD15BE43256655FA0006F0A0 /* WorkSans-MediumItalic.ttf */; };
		DD15BE5A256655FA0006F0A0 /* WorkSans-BoldItalic.ttf in Resources */ = {isa = PBXBuildFile; fileRef = DD15BE44256655FA0006F0A0 /* WorkSans-BoldItalic.ttf */; };
		DD15BE5B256655FA0006F0A0 /* WorkSans-ExtraLight.ttf in Resources */ = {isa = PBXBuildFile; fileRef = DD15BE45256655FA0006F0A0 /* WorkSans-ExtraLight.ttf */; };
		DD15BE5C256655FA0006F0A0 /* WorkSans-ThinItalic.ttf in Resources */ = {isa = PBXBuildFile; fileRef = DD15BE46256655FA0006F0A0 /* WorkSans-ThinItalic.ttf */; };
		DD15BE5D256655FA0006F0A0 /* WorkSans-ExtraLightItalic.ttf in Resources */ = {isa = PBXBuildFile; fileRef = DD15BE47256655FA0006F0A0 /* WorkSans-ExtraLightItalic.ttf */; };
		DD15BE5E256655FA0006F0A0 /* WorkSans-Medium.ttf in Resources */ = {isa = PBXBuildFile; fileRef = DD15BE48256655FA0006F0A0 /* WorkSans-Medium.ttf */; };
		DD15BE5F256655FA0006F0A0 /* WorkSans-SemiBold.ttf in Resources */ = {isa = PBXBuildFile; fileRef = DD15BE49256655FA0006F0A0 /* WorkSans-SemiBold.ttf */; };
		DD15BE60256655FA0006F0A0 /* WorkSans-Italic.ttf in Resources */ = {isa = PBXBuildFile; fileRef = DD15BE4A256655FA0006F0A0 /* WorkSans-Italic.ttf */; };
		DD15BE61256655FA0006F0A0 /* WorkSans-BlackItalic.ttf in Resources */ = {isa = PBXBuildFile; fileRef = DD15BE4B256655FA0006F0A0 /* WorkSans-BlackItalic.ttf */; };
		DD15BE62256655FA0006F0A0 /* WorkSans-Thin.ttf in Resources */ = {isa = PBXBuildFile; fileRef = DD15BE4C256655FA0006F0A0 /* WorkSans-Thin.ttf */; };
		DD15BE63256655FA0006F0A0 /* WorkSans-Black.ttf in Resources */ = {isa = PBXBuildFile; fileRef = DD15BE4D256655FA0006F0A0 /* WorkSans-Black.ttf */; };
		DD15BE64256655FA0006F0A0 /* WorkSans-LightItalic.ttf in Resources */ = {isa = PBXBuildFile; fileRef = DD15BE4E256655FA0006F0A0 /* WorkSans-LightItalic.ttf */; };
		DD15BE65256655FA0006F0A0 /* WorkSans-ExtraBoldItalic.ttf in Resources */ = {isa = PBXBuildFile; fileRef = DD15BE4F256655FA0006F0A0 /* WorkSans-ExtraBoldItalic.ttf */; };
		DD15BE66256655FA0006F0A0 /* WorkSans-Bold.ttf in Resources */ = {isa = PBXBuildFile; fileRef = DD15BE50256655FA0006F0A0 /* WorkSans-Bold.ttf */; };
		DD15BE67256655FA0006F0A0 /* WorkSans-Italic-VariableFont_wght.ttf in Resources */ = {isa = PBXBuildFile; fileRef = DD15BE51256655FA0006F0A0 /* WorkSans-Italic-VariableFont_wght.ttf */; };
		DD15BE68256655FA0006F0A0 /* OFL.txt in Resources */ = {isa = PBXBuildFile; fileRef = DD15BE52256655FA0006F0A0 /* OFL.txt */; };
		DD15BE69256655FA0006F0A0 /* README.txt in Resources */ = {isa = PBXBuildFile; fileRef = DD15BE53256655FA0006F0A0 /* README.txt */; };
		DD19D2BF2560F80500A2BE50 /* UpdateDetail.swift in Sources */ = {isa = PBXBuildFile; fileRef = DD19D2BE2560F80500A2BE50 /* UpdateDetail.swift */; };
		DD242D9F25936ED50038498E /* loading.json in Resources */ = {isa = PBXBuildFile; fileRef = DD242D9D25936ED50038498E /* loading.json */; };
		DD242DA025936ED50038498E /* success.json in Resources */ = {isa = PBXBuildFile; fileRef = DD242D9E25936ED50038498E /* success.json */; };
		DD252A022552CF0300C6D615 /* HomeView.swift in Sources */ = {isa = PBXBuildFile; fileRef = DD252A012552CF0300C6D615 /* HomeView.swift */; };
		DD322DF3257FA6EA0039BC70 /* Test.swift in Sources */ = {isa = PBXBuildFile; fileRef = DD322DF2257FA6EA0039BC70 /* Test.swift */; };
		DD34676B2548577C00A4A4BA /* DesignCodeApp.swift in Sources */ = {isa = PBXBuildFile; fileRef = DD34676A2548577C00A4A4BA /* DesignCodeApp.swift */; };
		DD34676D2548577C00A4A4BA /* ContentView.swift in Sources */ = {isa = PBXBuildFile; fileRef = DD34676C2548577C00A4A4BA /* ContentView.swift */; };
		DD34676F2548577D00A4A4BA /* Assets.xcassets in Resources */ = {isa = PBXBuildFile; fileRef = DD34676E2548577D00A4A4BA /* Assets.xcassets */; };
		DD3467722548577D00A4A4BA /* Preview Assets.xcassets in Resources */ = {isa = PBXBuildFile; fileRef = DD3467712548577D00A4A4BA /* Preview Assets.xcassets */; };
		DD40495C257D0372002BDB74 /* Data.swift in Sources */ = {isa = PBXBuildFile; fileRef = DD40495B257D0372002BDB74 /* Data.swift */; };
		DD40495F257D065D002BDB74 /* PostList.swift in Sources */ = {isa = PBXBuildFile; fileRef = DD40495E257D065D002BDB74 /* PostList.swift */; };
		DD6525AB25937A0F009A57F1 /* BuildFile in Frameworks */ = {isa = PBXBuildFile; productRef = DD6525AA25937A0F009A57F1 /* SwiftPackageProductDependency */; };
		DD6525AF25937B94009A57F1 /* LottieView.swift in Sources */ = {isa = PBXBuildFile; fileRef = DD6525AE25937B94009A57F1 /* LottieView.swift */; };
		DD6525B225937FCC009A57F1 /* LoadingView.swift in Sources */ = {isa = PBXBuildFile; fileRef = DD6525B125937FCC009A57F1 /* LoadingView.swift */; };
		DD66E4662563E7DD00BD8CAE /* TabBar.swift in Sources */ = {isa = PBXBuildFile; fileRef = DD66E4652563E7DD00BD8CAE /* TabBar.swift */; };
		DD73FECA25810106001E3845 /* BuildFile in Frameworks */ = {isa = PBXBuildFile; productRef = DD73FEC925810106001E3845 /* SwiftPackageProductDependency */; };
		DD73FECD258104B2001E3845 /* CourseStore.swift in Sources */ = {isa = PBXBuildFile; fileRef = DD73FECC258104B2001E3845 /* CourseStore.swift */; };
		DD77B5DB2580F538003E970C /* DataStore.swift in Sources */ = {isa = PBXBuildFile; fileRef = DD77B5DA2580F538003E970C /* DataStore.swift */; };
		DD83BA832596152400129830 /* GoogleService-Info.plist in Resources */ = {isa = PBXBuildFile; fileRef = DD83BA822596152400129830 /* GoogleService-Info.plist */; };
		DD8F636E254D3517009B583C /* MenuView.swift in Sources */ = {isa = PBXBuildFile; fileRef = DD8F636D254D3517009B583C /* MenuView.swift */; };
		DD90B8A8258E1D0600400ED8 /* LoginVIew.swift in Sources */ = {isa = PBXBuildFile; fileRef = DD90B8A7258E1D0600400ED8 /* LoginVIew.swift */; };
		DD93D3152567CFE9006ACB4E /* CoursesList.swift in Sources */ = {isa = PBXBuildFile; fileRef = DD93D3142567CFE9006ACB4E /* CoursesList.swift */; };
		DD9869C42588E5EA00AA5E76 /* Buttons.swift in Sources */ = {isa = PBXBuildFile; fileRef = DD9869C32588E5EA00AA5E76 /* Buttons.swift */; };
		DDAF26EF2584EE6A0057BD7C /* BuildFile in Frameworks */ = {isa = PBXBuildFile; productRef = DDAF26EE2584EE6A0057BD7C /* SwiftPackageProductDependency */; };
		DDAF26F42584F5840057BD7C /* CourseDetail.swift in Sources */ = {isa = PBXBuildFile; fileRef = DDAF26F32584F5840057BD7C /* CourseDetail.swift */; };
		DDAF26F9258643A30057BD7C /* BlurView.swift in Sources */ = {isa = PBXBuildFile; fileRef = DDAF26F8258643A30057BD7C /* BlurView.swift */; };
		DDBD821625629AA2001A6756 /* UpdateStore.swift in Sources */ = {isa = PBXBuildFile; fileRef = DDBD821525629AA2001A6756 /* UpdateStore.swift */; };
		DDE983812594B924008649FC /* SuccessView.swift in Sources */ = {isa = PBXBuildFile; fileRef = DDE983802594B924008649FC /* SuccessView.swift */; };
		DDFC52CC256041B300FA3584 /* UpdateList.swift in Sources */ = {isa = PBXBuildFile; fileRef = DDFC52CB256041B300FA3584 /* UpdateList.swift */; };
		EDFDA4662F02E15B07D2CE7D /* Pods_DesignCode.framework in Frameworks */ = {isa = PBXBuildFile; fileRef = CBDD855515AC11EC9F8B31BA /* Pods_DesignCode.framework */; };
/* End PBXBuildFile section */

/* Begin PBXFileReference section */
		0ACFDCC6E9E5137067593C8D /* Pods-DesignCode.release.xcconfig */ = {isa = PBXFileReference; includeInIndex = 1; lastKnownFileType = text.xcconfig; name = "Pods-DesignCode.release.xcconfig"; path = "Target Support Files/Pods-DesignCode/Pods-DesignCode.release.xcconfig"; sourceTree = "<group>"; };
		88FF857C2564C99B00E93397 /* RingView.swift */ = {isa = PBXFileReference; lastKnownFileType = sourcecode.swift; path = RingView.swift; sourceTree = "<group>"; };
		A80A89DF7373A21817480325 /* Pods-DesignCode.debug.xcconfig */ = {isa = PBXFileReference; includeInIndex = 1; lastKnownFileType = text.xcconfig; name = "Pods-DesignCode.debug.xcconfig"; path = "Target Support Files/Pods-DesignCode/Pods-DesignCode.debug.xcconfig"; sourceTree = "<group>"; };
		CBDD855515AC11EC9F8B31BA /* Pods_DesignCode.framework */ = {isa = PBXFileReference; explicitFileType = wrapper.framework; includeInIndex = 0; path = Pods_DesignCode.framework; sourceTree = BUILT_PRODUCTS_DIR; };
		DD149576254FE5B000740114 /* Home.swift */ = {isa = PBXFileReference; lastKnownFileType = sourcecode.swift; path = Home.swift; sourceTree = "<group>"; };
		DD15BE392566294B0006F0A0 /* Modifiers.swift */ = {isa = PBXFileReference; lastKnownFileType = sourcecode.swift; path = Modifiers.swift; sourceTree = "<group>"; };
		DD15BE3D256655FA0006F0A0 /* WorkSans-VariableFont_wght.ttf */ = {isa = PBXFileReference; lastKnownFileType = file; path = "WorkSans-VariableFont_wght.ttf"; sourceTree = "<group>"; };
		DD15BE3F256655FA0006F0A0 /* WorkSans-Regular.ttf */ = {isa = PBXFileReference; lastKnownFileType = file; path = "WorkSans-Regular.ttf"; sourceTree = "<group>"; };
		DD15BE40256655FA0006F0A0 /* WorkSans-Light.ttf */ = {isa = PBXFileReference; lastKnownFileType = file; path = "WorkSans-Light.ttf"; sourceTree = "<group>"; };
		DD15BE41256655FA0006F0A0 /* WorkSans-ExtraBold.ttf */ = {isa = PBXFileReference; lastKnownFileType = file; path = "WorkSans-ExtraBold.ttf"; sourceTree = "<group>"; };
		DD15BE42256655FA0006F0A0 /* WorkSans-SemiBoldItalic.ttf */ = {isa = PBXFileReference; lastKnownFileType = file; path = "WorkSans-SemiBoldItalic.ttf"; sourceTree = "<group>"; };
		DD15BE43256655FA0006F0A0 /* WorkSans-MediumItalic.ttf */ = {isa = PBXFileReference; lastKnownFileType = file; path = "WorkSans-MediumItalic.ttf"; sourceTree = "<group>"; };
		DD15BE44256655FA0006F0A0 /* WorkSans-BoldItalic.ttf */ = {isa = PBXFileReference; lastKnownFileType = file; path = "WorkSans-BoldItalic.ttf"; sourceTree = "<group>"; };
		DD15BE45256655FA0006F0A0 /* WorkSans-ExtraLight.ttf */ = {isa = PBXFileReference; lastKnownFileType = file; path = "WorkSans-ExtraLight.ttf"; sourceTree = "<group>"; };
		DD15BE46256655FA0006F0A0 /* WorkSans-ThinItalic.ttf */ = {isa = PBXFileReference; lastKnownFileType = file; path = "WorkSans-ThinItalic.ttf"; sourceTree = "<group>"; };
		DD15BE47256655FA0006F0A0 /* WorkSans-ExtraLightItalic.ttf */ = {isa = PBXFileReference; lastKnownFileType = file; path = "WorkSans-ExtraLightItalic.ttf"; sourceTree = "<group>"; };
		DD15BE48256655FA0006F0A0 /* WorkSans-Medium.ttf */ = {isa = PBXFileReference; lastKnownFileType = file; path = "WorkSans-Medium.ttf"; sourceTree = "<group>"; };
		DD15BE49256655FA0006F0A0 /* WorkSans-SemiBold.ttf */ = {isa = PBXFileReference; lastKnownFileType = file; path = "WorkSans-SemiBold.ttf"; sourceTree = "<group>"; };
		DD15BE4A256655FA0006F0A0 /* WorkSans-Italic.ttf */ = {isa = PBXFileReference; lastKnownFileType = file; path = "WorkSans-Italic.ttf"; sourceTree = "<group>"; };
		DD15BE4B256655FA0006F0A0 /* WorkSans-BlackItalic.ttf */ = {isa = PBXFileReference; lastKnownFileType = file; path = "WorkSans-BlackItalic.ttf"; sourceTree = "<group>"; };
		DD15BE4C256655FA0006F0A0 /* WorkSans-Thin.ttf */ = {isa = PBXFileReference; lastKnownFileType = file; path = "WorkSans-Thin.ttf"; sourceTree = "<group>"; };
		DD15BE4D256655FA0006F0A0 /* WorkSans-Black.ttf */ = {isa = PBXFileReference; lastKnownFileType = file; path = "WorkSans-Black.ttf"; sourceTree = "<group>"; };
		DD15BE4E256655FA0006F0A0 /* WorkSans-LightItalic.ttf */ = {isa = PBXFileReference; lastKnownFileType = file; path = "WorkSans-LightItalic.ttf"; sourceTree = "<group>"; };
		DD15BE4F256655FA0006F0A0 /* WorkSans-ExtraBoldItalic.ttf */ = {isa = PBXFileReference; lastKnownFileType = file; path = "WorkSans-ExtraBoldItalic.ttf"; sourceTree = "<group>"; };
		DD15BE50256655FA0006F0A0 /* WorkSans-Bold.ttf */ = {isa = PBXFileReference; lastKnownFileType = file; path = "WorkSans-Bold.ttf"; sourceTree = "<group>"; };
		DD15BE51256655FA0006F0A0 /* WorkSans-Italic-VariableFont_wght.ttf */ = {isa = PBXFileReference; lastKnownFileType = file; path = "WorkSans-Italic-VariableFont_wght.ttf"; sourceTree = "<group>"; };
		DD15BE52256655FA0006F0A0 /* OFL.txt */ = {isa = PBXFileReference; fileEncoding = 4; lastKnownFileType = text; path = OFL.txt; sourceTree = "<group>"; };
		DD15BE53256655FA0006F0A0 /* README.txt */ = {isa = PBXFileReference; fileEncoding = 4; lastKnownFileType = text; path = README.txt; sourceTree = "<group>"; };
		DD19D2BE2560F80500A2BE50 /* UpdateDetail.swift */ = {isa = PBXFileReference; lastKnownFileType = sourcecode.swift; path = UpdateDetail.swift; sourceTree = "<group>"; };
		DD242D9D25936ED50038498E /* loading.json */ = {isa = PBXFileReference; fileEncoding = 4; lastKnownFileType = text.json; path = loading.json; sourceTree = "<group>"; };
		DD242D9E25936ED50038498E /* success.json */ = {isa = PBXFileReference; fileEncoding = 4; lastKnownFileType = text.json; path = success.json; sourceTree = "<group>"; };
		DD252A012552CF0300C6D615 /* HomeView.swift */ = {isa = PBXFileReference; lastKnownFileType = sourcecode.swift; path = HomeView.swift; sourceTree = "<group>"; };
		DD322DF2257FA6EA0039BC70 /* Test.swift */ = {isa = PBXFileReference; lastKnownFileType = sourcecode.swift; path = Test.swift; sourceTree = "<group>"; };
		DD3467672548577C00A4A4BA /* DesignCode.app */ = {isa = PBXFileReference; explicitFileType = wrapper.application; includeInIndex = 0; path = DesignCode.app; sourceTree = BUILT_PRODUCTS_DIR; };
		DD34676A2548577C00A4A4BA /* DesignCodeApp.swift */ = {isa = PBXFileReference; lastKnownFileType = sourcecode.swift; path = DesignCodeApp.swift; sourceTree = "<group>"; };
		DD34676C2548577C00A4A4BA /* ContentView.swift */ = {isa = PBXFileReference; lastKnownFileType = sourcecode.swift; path = ContentView.swift; sourceTree = "<group>"; };
		DD34676E2548577D00A4A4BA /* Assets.xcassets */ = {isa = PBXFileReference; lastKnownFileType = folder.assetcatalog; path = Assets.xcassets; sourceTree = "<group>"; };
		DD3467712548577D00A4A4BA /* Preview Assets.xcassets */ = {isa = PBXFileReference; lastKnownFileType = folder.assetcatalog; path = "Preview Assets.xcassets"; sourceTree = "<group>"; };
		DD3467732548577D00A4A4BA /* Info.plist */ = {isa = PBXFileReference; lastKnownFileType = text.plist.xml; path = Info.plist; sourceTree = "<group>"; };
		DD40495B257D0372002BDB74 /* Data.swift */ = {isa = PBXFileReference; lastKnownFileType = sourcecode.swift; path = Data.swift; sourceTree = "<group>"; };
		DD40495E257D065D002BDB74 /* PostList.swift */ = {isa = PBXFileReference; lastKnownFileType = sourcecode.swift; path = PostList.swift; sourceTree = "<group>"; };
		DD6525AE25937B94009A57F1 /* LottieView.swift */ = {isa = PBXFileReference; lastKnownFileType = sourcecode.swift; path = LottieView.swift; sourceTree = "<group>"; };
		DD6525B125937FCC009A57F1 /* LoadingView.swift */ = {isa = PBXFileReference; lastKnownFileType = sourcecode.swift; path = LoadingView.swift; sourceTree = "<group>"; };
		DD66E4652563E7DD00BD8CAE /* TabBar.swift */ = {isa = PBXFileReference; lastKnownFileType = sourcecode.swift; path = TabBar.swift; sourceTree = "<group>"; };
		DD73FECC258104B2001E3845 /* CourseStore.swift */ = {isa = PBXFileReference; lastKnownFileType = sourcecode.swift; path = CourseStore.swift; sourceTree = "<group>"; };
		DD77B5DA2580F538003E970C /* DataStore.swift */ = {isa = PBXFileReference; lastKnownFileType = sourcecode.swift; path = DataStore.swift; sourceTree = "<group>"; };
		DD83BA822596152400129830 /* GoogleService-Info.plist */ = {isa = PBXFileReference; fileEncoding = 4; lastKnownFileType = text.plist.xml; path = "GoogleService-Info.plist"; sourceTree = "<group>"; };
		DD8F636D254D3517009B583C /* MenuView.swift */ = {isa = PBXFileReference; lastKnownFileType = sourcecode.swift; path = MenuView.swift; sourceTree = "<group>"; };
		DD90B8A7258E1D0600400ED8 /* LoginVIew.swift */ = {isa = PBXFileReference; lastKnownFileType = sourcecode.swift; path = LoginVIew.swift; sourceTree = "<group>"; };
		DD93D3142567CFE9006ACB4E /* CoursesList.swift */ = {isa = PBXFileReference; lastKnownFileType = sourcecode.swift; path = CoursesList.swift; sourceTree = "<group>"; };
		DD9869C32588E5EA00AA5E76 /* Buttons.swift */ = {isa = PBXFileReference; lastKnownFileType = sourcecode.swift; path = Buttons.swift; sourceTree = "<group>"; };
		DDAF26F32584F5840057BD7C /* CourseDetail.swift */ = {isa = PBXFileReference; fileEncoding = 4; lastKnownFileType = sourcecode.swift; path = CourseDetail.swift; sourceTree = "<group>"; };
		DDAF26F8258643A30057BD7C /* BlurView.swift */ = {isa = PBXFileReference; lastKnownFileType = sourcecode.swift; path = BlurView.swift; sourceTree = "<group>"; };
		DDBD821525629AA2001A6756 /* UpdateStore.swift */ = {isa = PBXFileReference; lastKnownFileType = sourcecode.swift; path = UpdateStore.swift; sourceTree = "<group>"; };
		DDE983802594B924008649FC /* SuccessView.swift */ = {isa = PBXFileReference; lastKnownFileType = sourcecode.swift; path = SuccessView.swift; sourceTree = "<group>"; };
		DDFC52CB256041B300FA3584 /* UpdateList.swift */ = {isa = PBXFileReference; lastKnownFileType = sourcecode.swift; path = UpdateList.swift; sourceTree = "<group>"; };
/* End PBXFileReference section */

/* Begin PBXFrameworksBuildPhase section */
		DD3467642548577C00A4A4BA /* Frameworks */ = {
			isa = PBXFrameworksBuildPhase;
			buildActionMask = 2147483647;
			files = (
				DDAF26EF2584EE6A0057BD7C /* BuildFile in Frameworks */,
				DD73FECA25810106001E3845 /* BuildFile in Frameworks */,
				DD6525AB25937A0F009A57F1 /* BuildFile in Frameworks */,
				EDFDA4662F02E15B07D2CE7D /* Pods_DesignCode.framework in Frameworks */,
			);
			runOnlyForDeploymentPostprocessing = 0;
		};
/* End PBXFrameworksBuildPhase section */

/* Begin PBXGroup section */
		910A8AF3161BFA364B081ED3 /* Frameworks */ = {
			isa = PBXGroup;
			children = (
				CBDD855515AC11EC9F8B31BA /* Pods_DesignCode.framework */,
			);
			name = Frameworks;
			sourceTree = "<group>";
		};
		D0B8066EA7DBDE24CF6E6527 /* Pods */ = {
			isa = PBXGroup;
			children = (
				A80A89DF7373A21817480325 /* Pods-DesignCode.debug.xcconfig */,
				0ACFDCC6E9E5137067593C8D /* Pods-DesignCode.release.xcconfig */,
			);
			name = Pods;
			path = Pods;
			sourceTree = "<group>";
		};
		DD15BE3C256655FA0006F0A0 /* Work_Sans */ = {
			isa = PBXGroup;
			children = (
				DD15BE3D256655FA0006F0A0 /* WorkSans-VariableFont_wght.ttf */,
				DD15BE3E256655FA0006F0A0 /* static */,
				DD15BE51256655FA0006F0A0 /* WorkSans-Italic-VariableFont_wght.ttf */,
				DD15BE52256655FA0006F0A0 /* OFL.txt */,
				DD15BE53256655FA0006F0A0 /* README.txt */,
			);
			path = Work_Sans;
			sourceTree = "<group>";
		};
		DD15BE3E256655FA0006F0A0 /* static */ = {
			isa = PBXGroup;
			children = (
				DD15BE3F256655FA0006F0A0 /* WorkSans-Regular.ttf */,
				DD15BE40256655FA0006F0A0 /* WorkSans-Light.ttf */,
				DD15BE41256655FA0006F0A0 /* WorkSans-ExtraBold.ttf */,
				DD15BE42256655FA0006F0A0 /* WorkSans-SemiBoldItalic.ttf */,
				DD15BE43256655FA0006F0A0 /* WorkSans-MediumItalic.ttf */,
				DD15BE44256655FA0006F0A0 /* WorkSans-BoldItalic.ttf */,
				DD15BE45256655FA0006F0A0 /* WorkSans-ExtraLight.ttf */,
				DD15BE46256655FA0006F0A0 /* WorkSans-ThinItalic.ttf */,
				DD15BE47256655FA0006F0A0 /* WorkSans-ExtraLightItalic.ttf */,
				DD15BE48256655FA0006F0A0 /* WorkSans-Medium.ttf */,
				DD15BE49256655FA0006F0A0 /* WorkSans-SemiBold.ttf */,
				DD15BE4A256655FA0006F0A0 /* WorkSans-Italic.ttf */,
				DD15BE4B256655FA0006F0A0 /* WorkSans-BlackItalic.ttf */,
				DD15BE4C256655FA0006F0A0 /* WorkSans-Thin.ttf */,
				DD15BE4D256655FA0006F0A0 /* WorkSans-Black.ttf */,
				DD15BE4E256655FA0006F0A0 /* WorkSans-LightItalic.ttf */,
				DD15BE4F256655FA0006F0A0 /* WorkSans-ExtraBoldItalic.ttf */,
				DD15BE50256655FA0006F0A0 /* WorkSans-Bold.ttf */,
			);
			path = static;
			sourceTree = "<group>";
		};
		DD242D9C25936ED50038498E /* Lottie */ = {
			isa = PBXGroup;
			children = (
				DD242D9D25936ED50038498E /* loading.json */,
				DD242D9E25936ED50038498E /* success.json */,
			);
			path = Lottie;
			sourceTree = "<group>";
		};
		DD34675E2548577C00A4A4BA = {
			isa = PBXGroup;
			children = (
				DD3467692548577C00A4A4BA /* DesignCode */,
				DD3467682548577C00A4A4BA /* Products */,
				D0B8066EA7DBDE24CF6E6527 /* Pods */,
				910A8AF3161BFA364B081ED3 /* Frameworks */,
			);
			sourceTree = "<group>";
		};
		DD3467682548577C00A4A4BA /* Products */ = {
			isa = PBXGroup;
			children = (
				DD3467672548577C00A4A4BA /* DesignCode.app */,
			);
			name = Products;
			sourceTree = "<group>";
		};
		DD3467692548577C00A4A4BA /* DesignCode */ = {
			isa = PBXGroup;
			children = (
				DD34676A2548577C00A4A4BA /* DesignCodeApp.swift */,
				88FF857C2564C99B00E93397 /* RingView.swift */,
				DD15BE392566294B0006F0A0 /* Modifiers.swift */,
				DD149576254FE5B000740114 /* Home.swift */,
				DD252A012552CF0300C6D615 /* HomeView.swift */,
				DD90B8A7258E1D0600400ED8 /* LoginVIew.swift */,
				DD93D3142567CFE9006ACB4E /* CoursesList.swift */,
				DD73FECC258104B2001E3845 /* CourseStore.swift */,
				DD34676C2548577C00A4A4BA /* ContentView.swift */,
				DDAF26F32584F5840057BD7C /* CourseDetail.swift */,
				DD8F636D254D3517009B583C /* MenuView.swift */,
				DDFC52CB256041B300FA3584 /* UpdateList.swift */,
				DD19D2BE2560F80500A2BE50 /* UpdateDetail.swift */,
				DDBD821525629AA2001A6756 /* UpdateStore.swift */,
				DD40495B257D0372002BDB74 /* Data.swift */,
				DD77B5DA2580F538003E970C /* DataStore.swift */,
				DD322DF2257FA6EA0039BC70 /* Test.swift */,
				DD40495E257D065D002BDB74 /* PostList.swift */,
				DD66E4652563E7DD00BD8CAE /* TabBar.swift */,
				DDAF26F8258643A30057BD7C /* BlurView.swift */,
				DD6525AE25937B94009A57F1 /* LottieView.swift */,
				DD6525B125937FCC009A57F1 /* LoadingView.swift */,
				DDE983802594B924008649FC /* SuccessView.swift */,
				DD9869C32588E5EA00AA5E76 /* Buttons.swift */,
				DD34676E2548577D00A4A4BA /* Assets.xcassets */,
				DD83BA822596152400129830 /* GoogleService-Info.plist */,
				DD15BE3C256655FA0006F0A0 /* Work_Sans */,
				DD242D9C25936ED50038498E /* Lottie */,
				DD3467732548577D00A4A4BA /* Info.plist */,
				DD3467702548577D00A4A4BA /* Preview Content */,
			);
			path = DesignCode;
			sourceTree = "<group>";
		};
		DD3467702548577D00A4A4BA /* Preview Content */ = {
			isa = PBXGroup;
			children = (
				DD3467712548577D00A4A4BA /* Preview Assets.xcassets */,
			);
			path = "Preview Content";
			sourceTree = "<group>";
		};
/* End PBXGroup section */

/* Begin PBXNativeTarget section */
		DD3467662548577C00A4A4BA /* DesignCode */ = {
			isa = PBXNativeTarget;
			buildConfigurationList = DD3467762548577D00A4A4BA /* Build configuration list for PBXNativeTarget "DesignCode" */;
			buildPhases = (
				DD9594AA3070CCAA9517F267 /* [CP] Check Pods Manifest.lock */,
				DD3467632548577C00A4A4BA /* Sources */,
				DD3467642548577C00A4A4BA /* Frameworks */,
				DD3467652548577C00A4A4BA /* Resources */,
				88D18989656DBACFDAD97B13 /* [CP] Embed Pods Frameworks */,
			);
			buildRules = (
			);
			dependencies = (
			);
			name = DesignCode;
			packageProductDependencies = (
				DD73FEC925810106001E3845 /* SwiftPackageProductDependency */,
				DDAF26EE2584EE6A0057BD7C /* SwiftPackageProductDependency */,
				DD6525AA25937A0F009A57F1 /* SwiftPackageProductDependency */,
			);
			productName = DesignCode;
			productReference = DD3467672548577C00A4A4BA /* DesignCode.app */;
			productType = "com.apple.product-type.application";
		};
/* End PBXNativeTarget section */

/* Begin PBXProject section */
		DD34675F2548577C00A4A4BA /* Project object */ = {
			isa = PBXProject;
			attributes = {
				LastSwiftUpdateCheck = 1210;
				LastUpgradeCheck = 1210;
				TargetAttributes = {
					DD3467662548577C00A4A4BA = {
						CreatedOnToolsVersion = 12.1;
					};
				};
			};
			buildConfigurationList = DD3467622548577C00A4A4BA /* Build configuration list for PBXProject "DesignCode" */;
			compatibilityVersion = "Xcode 9.3";
			developmentRegion = en;
			hasScannedForEncodings = 0;
			knownRegions = (
				en,
				Base,
			);
			mainGroup = DD34675E2548577C00A4A4BA;
			packageReferences = (
				DD73FEC825810106001E3845 /* RemoteSwiftPackageReference */,
				DDAF26ED2584EE6A0057BD7C /* RemoteSwiftPackageReference */,
				DD6525A925937A0F009A57F1 /* RemoteSwiftPackageReference */,
			);
			productRefGroup = DD3467682548577C00A4A4BA /* Products */;
			projectDirPath = "";
			projectRoot = "";
			targets = (
				DD3467662548577C00A4A4BA /* DesignCode */,
			);
		};
/* End PBXProject section */

/* Begin PBXResourcesBuildPhase section */
		DD3467652548577C00A4A4BA /* Resources */ = {
			isa = PBXResourcesBuildPhase;
			buildActionMask = 2147483647;
			files = (
				DD15BE64256655FA0006F0A0 /* WorkSans-LightItalic.ttf in Resources */,
				DD3467722548577D00A4A4BA /* Preview Assets.xcassets in Resources */,
				DD15BE5A256655FA0006F0A0 /* WorkSans-BoldItalic.ttf in Resources */,
				DD242DA025936ED50038498E /* success.json in Resources */,
				DD15BE5C256655FA0006F0A0 /* WorkSans-ThinItalic.ttf in Resources */,
				DD15BE59256655FA0006F0A0 /* WorkSans-MediumItalic.ttf in Resources */,
				DD15BE5D256655FA0006F0A0 /* WorkSans-ExtraLightItalic.ttf in Resources */,
				DD34676F2548577D00A4A4BA /* Assets.xcassets in Resources */,
				DD15BE58256655FA0006F0A0 /* WorkSans-SemiBoldItalic.ttf in Resources */,
				DD15BE65256655FA0006F0A0 /* WorkSans-ExtraBoldItalic.ttf in Resources */,
				DD242D9F25936ED50038498E /* loading.json in Resources */,
				DD83BA832596152400129830 /* GoogleService-Info.plist in Resources */,
				DD15BE54256655FA0006F0A0 /* WorkSans-VariableFont_wght.ttf in Resources */,
				DD15BE62256655FA0006F0A0 /* WorkSans-Thin.ttf in Resources */,
				DD15BE5B256655FA0006F0A0 /* WorkSans-ExtraLight.ttf in Resources */,
				DD15BE68256655FA0006F0A0 /* OFL.txt in Resources */,
				DD15BE5F256655FA0006F0A0 /* WorkSans-SemiBold.ttf in Resources */,
				DD15BE55256655FA0006F0A0 /* WorkSans-Regular.ttf in Resources */,
				DD15BE63256655FA0006F0A0 /* WorkSans-Black.ttf in Resources */,
				DD15BE57256655FA0006F0A0 /* WorkSans-ExtraBold.ttf in Resources */,
				DD15BE61256655FA0006F0A0 /* WorkSans-BlackItalic.ttf in Resources */,
				DD15BE67256655FA0006F0A0 /* WorkSans-Italic-VariableFont_wght.ttf in Resources */,
				DD15BE5E256655FA0006F0A0 /* WorkSans-Medium.ttf in Resources */,
				DD15BE60256655FA0006F0A0 /* WorkSans-Italic.ttf in Resources */,
				DD15BE56256655FA0006F0A0 /* WorkSans-Light.ttf in Resources */,
				DD15BE69256655FA0006F0A0 /* README.txt in Resources */,
				DD15BE66256655FA0006F0A0 /* WorkSans-Bold.ttf in Resources */,
			);
			runOnlyForDeploymentPostprocessing = 0;
		};
/* End PBXResourcesBuildPhase section */

/* Begin PBXShellScriptBuildPhase section */
		88D18989656DBACFDAD97B13 /* [CP] Embed Pods Frameworks */ = {
			isa = PBXShellScriptBuildPhase;
			buildActionMask = 2147483647;
			files = (
			);
			inputFileListPaths = (
				"${PODS_ROOT}/Target Support Files/Pods-DesignCode/Pods-DesignCode-frameworks-${CONFIGURATION}-input-files.xcfilelist",
			);
			name = "[CP] Embed Pods Frameworks";
			outputFileListPaths = (
				"${PODS_ROOT}/Target Support Files/Pods-DesignCode/Pods-DesignCode-frameworks-${CONFIGURATION}-output-files.xcfilelist",
			);
			runOnlyForDeploymentPostprocessing = 0;
			shellPath = /bin/sh;
			shellScript = "\"${PODS_ROOT}/Target Support Files/Pods-DesignCode/Pods-DesignCode-frameworks.sh\"\n";
			showEnvVarsInLog = 0;
		};
		DD9594AA3070CCAA9517F267 /* [CP] Check Pods Manifest.lock */ = {
			isa = PBXShellScriptBuildPhase;
			buildActionMask = 2147483647;
			files = (
			);
			inputFileListPaths = (
			);
			inputPaths = (
				"${PODS_PODFILE_DIR_PATH}/Podfile.lock",
				"${PODS_ROOT}/Manifest.lock",
			);
			name = "[CP] Check Pods Manifest.lock";
			outputFileListPaths = (
			);
			outputPaths = (
				"$(DERIVED_FILE_DIR)/Pods-DesignCode-checkManifestLockResult.txt",
			);
			runOnlyForDeploymentPostprocessing = 0;
			shellPath = /bin/sh;
			shellScript = "diff \"${PODS_PODFILE_DIR_PATH}/Podfile.lock\" \"${PODS_ROOT}/Manifest.lock\" > /dev/null\nif [ $? != 0 ] ; then\n    # print error to STDERR\n    echo \"error: The sandbox is not in sync with the Podfile.lock. Run 'pod install' or update your CocoaPods installation.\" >&2\n    exit 1\nfi\n# This output is used by Xcode 'outputs' to avoid re-running this script phase.\necho \"SUCCESS\" > \"${SCRIPT_OUTPUT_FILE_0}\"\n";
			showEnvVarsInLog = 0;
		};
/* End PBXShellScriptBuildPhase section */

/* Begin PBXSourcesBuildPhase section */
		DD3467632548577C00A4A4BA /* Sources */ = {
			isa = PBXSourcesBuildPhase;
			buildActionMask = 2147483647;
			files = (
				88FF857D2564C99B00E93397 /* RingView.swift in Sources */,
				DD77B5DB2580F538003E970C /* DataStore.swift in Sources */,
				DD15BE3A2566294B0006F0A0 /* Modifiers.swift in Sources */,
				DD322DF3257FA6EA0039BC70 /* Test.swift in Sources */,
				DD66E4662563E7DD00BD8CAE /* TabBar.swift in Sources */,
				DD19D2BF2560F80500A2BE50 /* UpdateDetail.swift in Sources */,
				DD93D3152567CFE9006ACB4E /* CoursesList.swift in Sources */,
				DD73FECD258104B2001E3845 /* CourseStore.swift in Sources */,
				DD34676D2548577C00A4A4BA /* ContentView.swift in Sources */,
				DD6525AF25937B94009A57F1 /* LottieView.swift in Sources */,
				DDAF26F42584F5840057BD7C /* CourseDetail.swift in Sources */,
				DD8F636E254D3517009B583C /* MenuView.swift in Sources */,
				DDFC52CC256041B300FA3584 /* UpdateList.swift in Sources */,
				DD40495C257D0372002BDB74 /* Data.swift in Sources */,
				DDBD821625629AA2001A6756 /* UpdateStore.swift in Sources */,
				DD149577254FE5B000740114 /* Home.swift in Sources */,
				DDE983812594B924008649FC /* SuccessView.swift in Sources */,
				DD9869C42588E5EA00AA5E76 /* Buttons.swift in Sources */,
				DD252A022552CF0300C6D615 /* HomeView.swift in Sources */,
				DDAF26F9258643A30057BD7C /* BlurView.swift in Sources */,
				DD90B8A8258E1D0600400ED8 /* LoginVIew.swift in Sources */,
				DD34676B2548577C00A4A4BA /* DesignCodeApp.swift in Sources */,
				DD40495F257D065D002BDB74 /* PostList.swift in Sources */,
				DD6525B225937FCC009A57F1 /* LoadingView.swift in Sources */,
			);
			runOnlyForDeploymentPostprocessing = 0;
		};
/* End PBXSourcesBuildPhase section */

/* Begin XCBuildConfiguration section */
		DD3467742548577D00A4A4BA /* Debug */ = {
			isa = XCBuildConfiguration;
			buildSettings = {
				ALWAYS_SEARCH_USER_PATHS = NO;
				CLANG_ANALYZER_NONNULL = YES;
				CLANG_ANALYZER_NUMBER_OBJECT_CONVERSION = YES_AGGRESSIVE;
				CLANG_CXX_LANGUAGE_STANDARD = "gnu++14";
				CLANG_CXX_LIBRARY = "libc++";
				CLANG_ENABLE_MODULES = YES;
				CLANG_ENABLE_OBJC_ARC = YES;
				CLANG_ENABLE_OBJC_WEAK = YES;
				CLANG_WARN_BLOCK_CAPTURE_AUTORELEASING = YES;
				CLANG_WARN_BOOL_CONVERSION = YES;
				CLANG_WARN_COMMA = YES;
				CLANG_WARN_CONSTANT_CONVERSION = YES;
				CLANG_WARN_DEPRECATED_OBJC_IMPLEMENTATIONS = YES;
				CLANG_WARN_DIRECT_OBJC_ISA_USAGE = YES_ERROR;
				CLANG_WARN_DOCUMENTATION_COMMENTS = YES;
				CLANG_WARN_EMPTY_BODY = YES;
				CLANG_WARN_ENUM_CONVERSION = YES;
				CLANG_WARN_INFINITE_RECURSION = YES;
				CLANG_WARN_INT_CONVERSION = YES;
				CLANG_WARN_NON_LITERAL_NULL_CONVERSION = YES;
				CLANG_WARN_OBJC_IMPLICIT_RETAIN_SELF = YES;
				CLANG_WARN_OBJC_LITERAL_CONVERSION = YES;
				CLANG_WARN_OBJC_ROOT_CLASS = YES_ERROR;
				CLANG_WARN_QUOTED_INCLUDE_IN_FRAMEWORK_HEADER = YES;
				CLANG_WARN_RANGE_LOOP_ANALYSIS = YES;
				CLANG_WARN_STRICT_PROTOTYPES = YES;
				CLANG_WARN_SUSPICIOUS_MOVE = YES;
				CLANG_WARN_UNGUARDED_AVAILABILITY = YES_AGGRESSIVE;
				CLANG_WARN_UNREACHABLE_CODE = YES;
				CLANG_WARN__DUPLICATE_METHOD_MATCH = YES;
				COPY_PHASE_STRIP = NO;
				DEBUG_INFORMATION_FORMAT = dwarf;
				ENABLE_STRICT_OBJC_MSGSEND = YES;
				ENABLE_TESTABILITY = YES;
				GCC_C_LANGUAGE_STANDARD = gnu11;
				GCC_DYNAMIC_NO_PIC = NO;
				GCC_NO_COMMON_BLOCKS = YES;
				GCC_OPTIMIZATION_LEVEL = 0;
				GCC_PREPROCESSOR_DEFINITIONS = (
					"DEBUG=1",
					"$(inherited)",
				);
				GCC_WARN_64_TO_32_BIT_CONVERSION = YES;
				GCC_WARN_ABOUT_RETURN_TYPE = YES_ERROR;
				GCC_WARN_UNDECLARED_SELECTOR = YES;
				GCC_WARN_UNINITIALIZED_AUTOS = YES_AGGRESSIVE;
				GCC_WARN_UNUSED_FUNCTION = YES;
				GCC_WARN_UNUSED_VARIABLE = YES;
				IPHONEOS_DEPLOYMENT_TARGET = 14.1;
				MTL_ENABLE_DEBUG_INFO = INCLUDE_SOURCE;
				MTL_FAST_MATH = YES;
				ONLY_ACTIVE_ARCH = YES;
				SDKROOT = iphoneos;
				SWIFT_ACTIVE_COMPILATION_CONDITIONS = DEBUG;
				SWIFT_OPTIMIZATION_LEVEL = "-Onone";
			};
			name = Debug;
		};
		DD3467752548577D00A4A4BA /* Release */ = {
			isa = XCBuildConfiguration;
			buildSettings = {
				ALWAYS_SEARCH_USER_PATHS = NO;
				CLANG_ANALYZER_NONNULL = YES;
				CLANG_ANALYZER_NUMBER_OBJECT_CONVERSION = YES_AGGRESSIVE;
				CLANG_CXX_LANGUAGE_STANDARD = "gnu++14";
				CLANG_CXX_LIBRARY = "libc++";
				CLANG_ENABLE_MODULES = YES;
				CLANG_ENABLE_OBJC_ARC = YES;
				CLANG_ENABLE_OBJC_WEAK = YES;
				CLANG_WARN_BLOCK_CAPTURE_AUTORELEASING = YES;
				CLANG_WARN_BOOL_CONVERSION = YES;
				CLANG_WARN_COMMA = YES;
				CLANG_WARN_CONSTANT_CONVERSION = YES;
				CLANG_WARN_DEPRECATED_OBJC_IMPLEMENTATIONS = YES;
				CLANG_WARN_DIRECT_OBJC_ISA_USAGE = YES_ERROR;
				CLANG_WARN_DOCUMENTATION_COMMENTS = YES;
				CLANG_WARN_EMPTY_BODY = YES;
				CLANG_WARN_ENUM_CONVERSION = YES;
				CLANG_WARN_INFINITE_RECURSION = YES;
				CLANG_WARN_INT_CONVERSION = YES;
				CLANG_WARN_NON_LITERAL_NULL_CONVERSION = YES;
				CLANG_WARN_OBJC_IMPLICIT_RETAIN_SELF = YES;
				CLANG_WARN_OBJC_LITERAL_CONVERSION = YES;
				CLANG_WARN_OBJC_ROOT_CLASS = YES_ERROR;
				CLANG_WARN_QUOTED_INCLUDE_IN_FRAMEWORK_HEADER = YES;
				CLANG_WARN_RANGE_LOOP_ANALYSIS = YES;
				CLANG_WARN_STRICT_PROTOTYPES = YES;
				CLANG_WARN_SUSPICIOUS_MOVE = YES;
				CLANG_WARN_UNGUARDED_AVAILABILITY = YES_AGGRESSIVE;
				CLANG_WARN_UNREACHABLE_CODE = YES;
				CLANG_WARN__DUPLICATE_METHOD_MATCH = YES;
				COPY_PHASE_STRIP = NO;
				DEBUG_INFORMATION_FORMAT = "dwarf-with-dsym";
				ENABLE_NS_ASSERTIONS = NO;
				ENABLE_STRICT_OBJC_MSGSEND = YES;
				GCC_C_LANGUAGE_STANDARD = gnu11;
				GCC_NO_COMMON_BLOCKS = YES;
				GCC_WARN_64_TO_32_BIT_CONVERSION = YES;
				GCC_WARN_ABOUT_RETURN_TYPE = YES_ERROR;
				GCC_WARN_UNDECLARED_SELECTOR = YES;
				GCC_WARN_UNINITIALIZED_AUTOS = YES_AGGRESSIVE;
				GCC_WARN_UNUSED_FUNCTION = YES;
				GCC_WARN_UNUSED_VARIABLE = YES;
				IPHONEOS_DEPLOYMENT_TARGET = 14.1;
				MTL_ENABLE_DEBUG_INFO = NO;
				MTL_FAST_MATH = YES;
				SDKROOT = iphoneos;
				SWIFT_COMPILATION_MODE = wholemodule;
				SWIFT_OPTIMIZATION_LEVEL = "-O";
				VALIDATE_PRODUCT = YES;
			};
			name = Release;
		};
		DD3467772548577D00A4A4BA /* Debug */ = {
			isa = XCBuildConfiguration;
			baseConfigurationReference = A80A89DF7373A21817480325 /* Pods-DesignCode.debug.xcconfig */;
			buildSettings = {
				ASSETCATALOG_COMPILER_APPICON_NAME = AppIcon;
				ASSETCATALOG_COMPILER_GLOBAL_ACCENT_COLOR_NAME = AccentColor;
				CODE_SIGN_STYLE = Automatic;
				DEAD_CODE_STRIPPING = NO;
				DEVELOPMENT_ASSET_PATHS = "\"DesignCode/Preview Content\"";
				DEVELOPMENT_TEAM = DGRT236A5B;
				ENABLE_PREVIEWS = YES;
				INFOPLIST_FILE = DesignCode/Info.plist;
				IPHONEOS_DEPLOYMENT_TARGET = 14.0;
				LD_RUNPATH_SEARCH_PATHS = (
					"$(inherited)",
					"@executable_path/Frameworks",
				);
				PRODUCT_BUNDLE_IDENTIFIER = com.Mike.DesignCode;
				PRODUCT_NAME = "$(TARGET_NAME)";
				SWIFT_VERSION = 5.0;
				TARGETED_DEVICE_FAMILY = "1,2";
			};
			name = Debug;
		};
		DD3467782548577D00A4A4BA /* Release */ = {
			isa = XCBuildConfiguration;
			baseConfigurationReference = 0ACFDCC6E9E5137067593C8D /* Pods-DesignCode.release.xcconfig */;
			buildSettings = {
				ASSETCATALOG_COMPILER_APPICON_NAME = AppIcon;
				ASSETCATALOG_COMPILER_GLOBAL_ACCENT_COLOR_NAME = AccentColor;
				CODE_SIGN_STYLE = Automatic;
				DEAD_CODE_STRIPPING = NO;
				DEVELOPMENT_ASSET_PATHS = "\"DesignCode/Preview Content\"";
				DEVELOPMENT_TEAM = DGRT236A5B;
				ENABLE_PREVIEWS = YES;
				INFOPLIST_FILE = DesignCode/Info.plist;
				IPHONEOS_DEPLOYMENT_TARGET = 14.0;
				LD_RUNPATH_SEARCH_PATHS = (
					"$(inherited)",
					"@executable_path/Frameworks",
				);
				PRODUCT_BUNDLE_IDENTIFIER = com.Mike.DesignCode;
				PRODUCT_NAME = "$(TARGET_NAME)";
				SWIFT_VERSION = 5.0;
				TARGETED_DEVICE_FAMILY = "1,2";
			};
			name = Release;
		};
/* End XCBuildConfiguration section */

/* Begin XCConfigurationList section */
		DD3467622548577C00A4A4BA /* Build configuration list for PBXProject "DesignCode" */ = {
			isa = XCConfigurationList;
			buildConfigurations = (
				DD3467742548577D00A4A4BA /* Debug */,
				DD3467752548577D00A4A4BA /* Release */,
			);
			defaultConfigurationIsVisible = 0;
			defaultConfigurationName = Release;
		};
		DD3467762548577D00A4A4BA /* Build configuration list for PBXNativeTarget "DesignCode" */ = {
			isa = XCConfigurationList;
			buildConfigurations = (
				DD3467772548577D00A4A4BA /* Debug */,
				DD3467782548577D00A4A4BA /* Release */,
			);
			defaultConfigurationIsVisible = 0;
			defaultConfigurationName = Release;
		};
/* End XCConfigurationList section */

/* Begin XCRemoteSwiftPackageReference section */
		DD6525A925937A0F009A57F1 /* RemoteSwiftPackageReference */ = {
			isa = XCRemoteSwiftPackageReference;
			repositoryURL = "https://github.com/airbnb/lottie-ios.git";
			requirement = {
				kind = upToNextMajorVersion;
				minimumVersion = 3.1.9;
			};
		};
		DD73FEC825810106001E3845 /* RemoteSwiftPackageReference */ = {
			isa = XCRemoteSwiftPackageReference;
			repositoryURL = "https://github.com/contentful/contentful.swift.git";
			requirement = {
				kind = upToNextMajorVersion;
				minimumVersion = 5.4.0;
			};
		};
		DDAF26ED2584EE6A0057BD7C /* RemoteSwiftPackageReference */ = {
			isa = XCRemoteSwiftPackageReference;
			repositoryURL = "https://github.com/SDWebImage/SDWebImageSwiftUI.git";
			requirement = {
				kind = upToNextMajorVersion;
				minimumVersion = 1.5.0;
			};
		};
/* End XCRemoteSwiftPackageReference section */

/* Begin XCSwiftPackageProductDependency section */
		DD6525AA25937A0F009A57F1 /* SwiftPackageProductDependency */ = {
			isa = XCSwiftPackageProductDependency;
			package = DD6525A925937A0F009A57F1 /* RemoteSwiftPackageReference */;
			productName = Lottie;
		};
		DD73FEC925810106001E3845 /* SwiftPackageProductDependency */ = {
			isa = XCSwiftPackageProductDependency;
			package = DD73FEC825810106001E3845 /* RemoteSwiftPackageReference */;
			productName = Contentful;
		};
		DDAF26EE2584EE6A0057BD7C /* SwiftPackageProductDependency */ = {
			isa = XCSwiftPackageProductDependency;
			package = DDAF26ED2584EE6A0057BD7C /* RemoteSwiftPackageReference */;
			productName = SDWebImageSwiftUI;
		};
/* End XCSwiftPackageProductDependency section */
	};
	rootObject = DD34675F2548577C00A4A4BA /* Project object */;
}
